
Microsoft Visual Studio Solution File, Format Version 12.00
Project("{2150E333-8FDC-42A3-9474-1A3956D46DE8}") = "ProfileService", "ProfileService", "{37163FF8-87D2-400D-BE3D-CBDB46462E84}"
EndProject
Project("{FAE04EC0-301F-11D3-BF4B-00C04F79EFBC}") = "ProfileService.Api", "ProfileService.Api\ProfileService.Api.csproj", "{61A7BB44-0356-41E8-A9A0-8540D87C2639}"
EndProject
Project("{FAE04EC0-301F-11D3-BF4B-00C04F79EFBC}") = "ProfileService.Application", "ProfileService.Application\ProfileService.Application.csproj", "{F531CF2F-468E-462C-997A-4A1D999EB0D1}"
EndProject
Project("{FAE04EC0-301F-11D3-BF4B-00C04F79EFBC}") = "ProfileService.Domain", "ProfileService.Domain\ProfileService.Domain.csproj", "{E3956576-430B-4B1C-A14E-EEFA00F8AA79}"
EndProject
Project("{FAE04EC0-301F-11D3-BF4B-00C04F79EFBC}") = "ProfileService.Infrastructure", "ProfileService.Infrastructure\ProfileService.Infrastructure.csproj", "{D6E184C7-EAC0-4918-8CB2-98345EF9321B}"
EndProject
Project("{FAE04EC0-301F-11D3-BF4B-00C04F79EFBC}") = "ProfileService.Contracts", "ProfileService.Contracts\ProfileService.Contracts.csproj", "{9DADA629-7495-46DE-8F4E-073164C90BC6}"
EndProject
Project("{2150E333-8FDC-42A3-9474-1A3956D46DE8}") = "PropertyService", "PropertyService", "{5FBF00FA-222B-4C6B-8DDE-E5F783F24A47}"
EndProject
Project("{FAE04EC0-301F-11D3-BF4B-00C04F79EFBC}") = "PropertyService.Api", "PropertyService.Api\PropertyService.Api.csproj", "{7433FC28-CACF-44CA-8C08-5A0CFC441F88}"
EndProject
Project("{FAE04EC0-301F-11D3-BF4B-00C04F79EFBC}") = "PropertyService.Application", "PropertyService.Application\PropertyService.Application.csproj", "{0D35FE62-C66A-42E4-8705-3A8E1570DBC6}"
EndProject
Project("{FAE04EC0-301F-11D3-BF4B-00C04F79EFBC}") = "PropertyService.Contracts", "PropertyService.Contracts\PropertyService.Contracts.csproj", "{93CE45AB-AB41-4749-9B33-F041428CDED8}"
EndProject
Project("{FAE04EC0-301F-11D3-BF4B-00C04F79EFBC}") = "PropertyService.Domain", "PropertyService.Domain\PropertyService.Domain.csproj", "{622F16FB-D57E-44F0-BB6B-F26CA21F56D4}"
EndProject
Project("{FAE04EC0-301F-11D3-BF4B-00C04F79EFBC}") = "PropertyService.Infrastructure", "PropertyService.Infrastructure\PropertyService.Infrastructure.csproj", "{C8B23658-4FC4-4BB6-A520-96F11CD42C23}"
EndProject
Project("{2150E333-8FDC-42A3-9474-1A3956D46DE8}") = "BookingService", "BookingService", "{5CCB3FC6-115F-40A2-B5BA-8C8102EED0B8}"
EndProject
Project("{FAE04EC0-301F-11D3-BF4B-00C04F79EFBC}") = "BookingService.Api", "BookingService.Api\BookingService.Api.csproj", "{A1AACF68-7CE2-4C16-A060-8B74F28EDF22}"
EndProject
Project("{FAE04EC0-301F-11D3-BF4B-00C04F79EFBC}") = "BookingService.Application", "BookingService.Application\BookingService.Application.csproj", "{B2BD3C7D-E5AF-467B-8C3B-52A74AAC34D0}"
EndProject
Project("{FAE04EC0-301F-11D3-BF4B-00C04F79EFBC}") = "BookingService.Contracts", "BookingService.Contracts\BookingService.Contracts.csproj", "{C1AC1D9E-AD42-4F97-8F8E-36215207A8D2}"
EndProject
Project("{FAE04EC0-301F-11D3-BF4B-00C04F79EFBC}") = "BookingService.Domain", "BookingService.Domain\BookingService.Domain.csproj", "{46BB738E-3539-4032-AFD5-1791F65BAF83}"
EndProject
Project("{FAE04EC0-301F-11D3-BF4B-00C04F79EFBC}") = "BookingService.Infrastructure", "BookingService.Infrastructure\BookingService.Infrastructure.csproj", "{83C198F7-FA0E-4EC0-BF3C-CCC4C6EE1EFE}"
EndProject
Project("{2150E333-8FDC-42A3-9474-1A3956D46DE8}") = "PaymentService", "PaymentService", "{ABA26958-295D-4F7A-B3FE-D8E9F5ABF74C}"
EndProject
Project("{FAE04EC0-301F-11D3-BF4B-00C04F79EFBC}") = "PaymentService.Api", "PaymentService.Api\PaymentService.Api.csproj", "{58835C4D-B686-458A-8215-21A4ECB101A3}"
EndProject
Project("{FAE04EC0-301F-11D3-BF4B-00C04F79EFBC}") = "PaymentService.Application", "PaymentService.Application\PaymentService.Application.csproj", "{4BD5FE00-AAE4-41AC-9FD1-76D833C72FAB}"
EndProject
Project("{FAE04EC0-301F-11D3-BF4B-00C04F79EFBC}") = "PaymentService.Contracts", "PaymentService.Contracts\PaymentService.Contracts.csproj", "{59CB7117-61B2-40F0-A277-E88879CFB280}"
EndProject
Project("{FAE04EC0-301F-11D3-BF4B-00C04F79EFBC}") = "PaymentService.Domain", "PaymentService.Domain\PaymentService.Domain.csproj", "{F99789CF-AEF6-487E-86F5-2F1BF1AABB98}"
EndProject
Project("{FAE04EC0-301F-11D3-BF4B-00C04F79EFBC}") = "PaymentService.Infrastructure", "PaymentService.Infrastructure\PaymentService.Infrastructure.csproj", "{37894125-6AC3-4AC6-B1C1-2CE4C436B79B}"
EndProject
Global
	GlobalSection(SolutionConfigurationPlatforms) = preSolution
		Debug|Any CPU = Debug|Any CPU
		Release|Any CPU = Release|Any CPU
	EndGlobalSection
	GlobalSection(NestedProjects) = preSolution
		{61A7BB44-0356-41E8-A9A0-8540D87C2639} = {37163FF8-87D2-400D-BE3D-CBDB46462E84}
		{F531CF2F-468E-462C-997A-4A1D999EB0D1} = {37163FF8-87D2-400D-BE3D-CBDB46462E84}
		{E3956576-430B-4B1C-A14E-EEFA00F8AA79} = {37163FF8-87D2-400D-BE3D-CBDB46462E84}
		{D6E184C7-EAC0-4918-8CB2-98345EF9321B} = {37163FF8-87D2-400D-BE3D-CBDB46462E84}
		{9DADA629-7495-46DE-8F4E-073164C90BC6} = {37163FF8-87D2-400D-BE3D-CBDB46462E84}
		{7433FC28-CACF-44CA-8C08-5A0CFC441F88} = {5FBF00FA-222B-4C6B-8DDE-E5F783F24A47}
		{0D35FE62-C66A-42E4-8705-3A8E1570DBC6} = {5FBF00FA-222B-4C6B-8DDE-E5F783F24A47}
		{93CE45AB-AB41-4749-9B33-F041428CDED8} = {5FBF00FA-222B-4C6B-8DDE-E5F783F24A47}
		{622F16FB-D57E-44F0-BB6B-F26CA21F56D4} = {5FBF00FA-222B-4C6B-8DDE-E5F783F24A47}
		{C8B23658-4FC4-4BB6-A520-96F11CD42C23} = {5FBF00FA-222B-4C6B-8DDE-E5F783F24A47}
		{A1AACF68-7CE2-4C16-A060-8B74F28EDF22} = {5CCB3FC6-115F-40A2-B5BA-8C8102EED0B8}
		{B2BD3C7D-E5AF-467B-8C3B-52A74AAC34D0} = {5CCB3FC6-115F-40A2-B5BA-8C8102EED0B8}
		{C1AC1D9E-AD42-4F97-8F8E-36215207A8D2} = {5CCB3FC6-115F-40A2-B5BA-8C8102EED0B8}
		{46BB738E-3539-4032-AFD5-1791F65BAF83} = {5CCB3FC6-115F-40A2-B5BA-8C8102EED0B8}
		{83C198F7-FA0E-4EC0-BF3C-CCC4C6EE1EFE} = {5CCB3FC6-115F-40A2-B5BA-8C8102EED0B8}
		{58835C4D-B686-458A-8215-21A4ECB101A3} = {ABA26958-295D-4F7A-B3FE-D8E9F5ABF74C}
		{4BD5FE00-AAE4-41AC-9FD1-76D833C72FAB} = {ABA26958-295D-4F7A-B3FE-D8E9F5ABF74C}
		{59CB7117-61B2-40F0-A277-E88879CFB280} = {ABA26958-295D-4F7A-B3FE-D8E9F5ABF74C}
		{F99789CF-AEF6-487E-86F5-2F1BF1AABB98} = {ABA26958-295D-4F7A-B3FE-D8E9F5ABF74C}
		{37894125-6AC3-4AC6-B1C1-2CE4C436B79B} = {ABA26958-295D-4F7A-B3FE-D8E9F5ABF74C}
	EndGlobalSection
	GlobalSection(ProjectConfigurationPlatforms) = postSolution
		{61A7BB44-0356-41E8-A9A0-8540D87C2639}.Debug|Any CPU.ActiveCfg = Debug|Any CPU
		{61A7BB44-0356-41E8-A9A0-8540D87C2639}.Debug|Any CPU.Build.0 = Debug|Any CPU
		{61A7BB44-0356-41E8-A9A0-8540D87C2639}.Release|Any CPU.ActiveCfg = Release|Any CPU
		{61A7BB44-0356-41E8-A9A0-8540D87C2639}.Release|Any CPU.Build.0 = Release|Any CPU
		{F531CF2F-468E-462C-997A-4A1D999EB0D1}.Debug|Any CPU.ActiveCfg = Debug|Any CPU
		{F531CF2F-468E-462C-997A-4A1D999EB0D1}.Debug|Any CPU.Build.0 = Debug|Any CPU
		{F531CF2F-468E-462C-997A-4A1D999EB0D1}.Release|Any CPU.ActiveCfg = Release|Any CPU
		{F531CF2F-468E-462C-997A-4A1D999EB0D1}.Release|Any CPU.Build.0 = Release|Any CPU
		{E3956576-430B-4B1C-A14E-EEFA00F8AA79}.Debug|Any CPU.ActiveCfg = Debug|Any CPU
		{E3956576-430B-4B1C-A14E-EEFA00F8AA79}.Debug|Any CPU.Build.0 = Debug|Any CPU
		{E3956576-430B-4B1C-A14E-EEFA00F8AA79}.Release|Any CPU.ActiveCfg = Release|Any CPU
		{E3956576-430B-4B1C-A14E-EEFA00F8AA79}.Release|Any CPU.Build.0 = Release|Any CPU
		{D6E184C7-EAC0-4918-8CB2-98345EF9321B}.Debug|Any CPU.ActiveCfg = Debug|Any CPU
		{D6E184C7-EAC0-4918-8CB2-98345EF9321B}.Debug|Any CPU.Build.0 = Debug|Any CPU
		{D6E184C7-EAC0-4918-8CB2-98345EF9321B}.Release|Any CPU.ActiveCfg = Release|Any CPU
		{D6E184C7-EAC0-4918-8CB2-98345EF9321B}.Release|Any CPU.Build.0 = Release|Any CPU
		{9DADA629-7495-46DE-8F4E-073164C90BC6}.Debug|Any CPU.ActiveCfg = Debug|Any CPU
		{9DADA629-7495-46DE-8F4E-073164C90BC6}.Debug|Any CPU.Build.0 = Debug|Any CPU
		{9DADA629-7495-46DE-8F4E-073164C90BC6}.Release|Any CPU.ActiveCfg = Release|Any CPU
		{9DADA629-7495-46DE-8F4E-073164C90BC6}.Release|Any CPU.Build.0 = Release|Any CPU
		{7433FC28-CACF-44CA-8C08-5A0CFC441F88}.Debug|Any CPU.ActiveCfg = Debug|Any CPU
		{7433FC28-CACF-44CA-8C08-5A0CFC441F88}.Debug|Any CPU.Build.0 = Debug|Any CPU
		{7433FC28-CACF-44CA-8C08-5A0CFC441F88}.Release|Any CPU.ActiveCfg = Release|Any CPU
		{7433FC28-CACF-44CA-8C08-5A0CFC441F88}.Release|Any CPU.Build.0 = Release|Any CPU
		{0D35FE62-C66A-42E4-8705-3A8E1570DBC6}.Debug|Any CPU.ActiveCfg = Debug|Any CPU
		{0D35FE62-C66A-42E4-8705-3A8E1570DBC6}.Debug|Any CPU.Build.0 = Debug|Any CPU
		{0D35FE62-C66A-42E4-8705-3A8E1570DBC6}.Release|Any CPU.ActiveCfg = Release|Any CPU
		{0D35FE62-C66A-42E4-8705-3A8E1570DBC6}.Release|Any CPU.Build.0 = Release|Any CPU
		{93CE45AB-AB41-4749-9B33-F041428CDED8}.Debug|Any CPU.ActiveCfg = Debug|Any CPU
		{93CE45AB-AB41-4749-9B33-F041428CDED8}.Debug|Any CPU.Build.0 = Debug|Any CPU
		{93CE45AB-AB41-4749-9B33-F041428CDED8}.Release|Any CPU.ActiveCfg = Release|Any CPU
		{93CE45AB-AB41-4749-9B33-F041428CDED8}.Release|Any CPU.Build.0 = Release|Any CPU
		{622F16FB-D57E-44F0-BB6B-F26CA21F56D4}.Debug|Any CPU.ActiveCfg = Debug|Any CPU
		{622F16FB-D57E-44F0-BB6B-F26CA21F56D4}.Debug|Any CPU.Build.0 = Debug|Any CPU
		{622F16FB-D57E-44F0-BB6B-F26CA21F56D4}.Release|Any CPU.ActiveCfg = Release|Any CPU
		{622F16FB-D57E-44F0-BB6B-F26CA21F56D4}.Release|Any CPU.Build.0 = Release|Any CPU
		{C8B23658-4FC4-4BB6-A520-96F11CD42C23}.Debug|Any CPU.ActiveCfg = Debug|Any CPU
		{C8B23658-4FC4-4BB6-A520-96F11CD42C23}.Debug|Any CPU.Build.0 = Debug|Any CPU
		{C8B23658-4FC4-4BB6-A520-96F11CD42C23}.Release|Any CPU.ActiveCfg = Release|Any CPU
		{C8B23658-4FC4-4BB6-A520-96F11CD42C23}.Release|Any CPU.Build.0 = Release|Any CPU
		{A1AACF68-7CE2-4C16-A060-8B74F28EDF22}.Debug|Any CPU.ActiveCfg = Debug|Any CPU
		{A1AACF68-7CE2-4C16-A060-8B74F28EDF22}.Debug|Any CPU.Build.0 = Debug|Any CPU
		{A1AACF68-7CE2-4C16-A060-8B74F28EDF22}.Release|Any CPU.ActiveCfg = Release|Any CPU
		{A1AACF68-7CE2-4C16-A060-8B74F28EDF22}.Release|Any CPU.Build.0 = Release|Any CPU
		{B2BD3C7D-E5AF-467B-8C3B-52A74AAC34D0}.Debug|Any CPU.ActiveCfg = Debug|Any CPU
		{B2BD3C7D-E5AF-467B-8C3B-52A74AAC34D0}.Debug|Any CPU.Build.0 = Debug|Any CPU
		{B2BD3C7D-E5AF-467B-8C3B-52A74AAC34D0}.Release|Any CPU.ActiveCfg = Release|Any CPU
		{B2BD3C7D-E5AF-467B-8C3B-52A74AAC34D0}.Release|Any CPU.Build.0 = Release|Any CPU
		{C1AC1D9E-AD42-4F97-8F8E-36215207A8D2}.Debug|Any CPU.ActiveCfg = Debug|Any CPU
		{C1AC1D9E-AD42-4F97-8F8E-36215207A8D2}.Debug|Any CPU.Build.0 = Debug|Any CPU
		{C1AC1D9E-AD42-4F97-8F8E-36215207A8D2}.Release|Any CPU.ActiveCfg = Release|Any CPU
		{C1AC1D9E-AD42-4F97-8F8E-36215207A8D2}.Release|Any CPU.Build.0 = Release|Any CPU
		{46BB738E-3539-4032-AFD5-1791F65BAF83}.Debug|Any CPU.ActiveCfg = Debug|Any CPU
		{46BB738E-3539-4032-AFD5-1791F65BAF83}.Debug|Any CPU.Build.0 = Debug|Any CPU
		{46BB738E-3539-4032-AFD5-1791F65BAF83}.Release|Any CPU.ActiveCfg = Release|Any CPU
		{46BB738E-3539-4032-AFD5-1791F65BAF83}.Release|Any CPU.Build.0 = Release|Any CPU
		{83C198F7-FA0E-4EC0-BF3C-CCC4C6EE1EFE}.Debug|Any CPU.ActiveCfg = Debug|Any CPU
		{83C198F7-FA0E-4EC0-BF3C-CCC4C6EE1EFE}.Debug|Any CPU.Build.0 = Debug|Any CPU
		{83C198F7-FA0E-4EC0-BF3C-CCC4C6EE1EFE}.Release|Any CPU.ActiveCfg = Release|Any CPU
		{83C198F7-FA0E-4EC0-BF3C-CCC4C6EE1EFE}.Release|Any CPU.Build.0 = Release|Any CPU
		{58835C4D-B686-458A-8215-21A4ECB101A3}.Debug|Any CPU.ActiveCfg = Debug|Any CPU
		{58835C4D-B686-458A-8215-21A4ECB101A3}.Debug|Any CPU.Build.0 = Debug|Any CPU
		{58835C4D-B686-458A-8215-21A4ECB101A3}.Release|Any CPU.ActiveCfg = Release|Any CPU
		{58835C4D-B686-458A-8215-21A4ECB101A3}.Release|Any CPU.Build.0 = Release|Any CPU
		{4BD5FE00-AAE4-41AC-9FD1-76D833C72FAB}.Debug|Any CPU.ActiveCfg = Debug|Any CPU
		{4BD5FE00-AAE4-41AC-9FD1-76D833C72FAB}.Debug|Any CPU.Build.0 = Debug|Any CPU
		{4BD5FE00-AAE4-41AC-9FD1-76D833C72FAB}.Release|Any CPU.ActiveCfg = Release|Any CPU
		{4BD5FE00-AAE4-41AC-9FD1-76D833C72FAB}.Release|Any CPU.Build.0 = Release|Any CPU
		{59CB7117-61B2-40F0-A277-E88879CFB280}.Debug|Any CPU.ActiveCfg = Debug|Any CPU
		{59CB7117-61B2-40F0-A277-E88879CFB280}.Debug|Any CPU.Build.0 = Debug|Any CPU
		{59CB7117-61B2-40F0-A277-E88879CFB280}.Release|Any CPU.ActiveCfg = Release|Any CPU
		{59CB7117-61B2-40F0-A277-E88879CFB280}.Release|Any CPU.Build.0 = Release|Any CPU
		{F99789CF-AEF6-487E-86F5-2F1BF1AABB98}.Debug|Any CPU.ActiveCfg = Debug|Any CPU
		{F99789CF-AEF6-487E-86F5-2F1BF1AABB98}.Debug|Any CPU.Build.0 = Debug|Any CPU
		{F99789CF-AEF6-487E-86F5-2F1BF1AABB98}.Release|Any CPU.ActiveCfg = Release|Any CPU
		{F99789CF-AEF6-487E-86F5-2F1BF1AABB98}.Release|Any CPU.Build.0 = Release|Any CPU
		{37894125-6AC3-4AC6-B1C1-2CE4C436B79B}.Debug|Any CPU.ActiveCfg = Debug|Any CPU
		{37894125-6AC3-4AC6-B1C1-2CE4C436B79B}.Debug|Any CPU.Build.0 = Debug|Any CPU
		{37894125-6AC3-4AC6-B1C1-2CE4C436B79B}.Release|Any CPU.ActiveCfg = Release|Any CPU
		{37894125-6AC3-4AC6-B1C1-2CE4C436B79B}.Release|Any CPU.Build.0 = Release|Any CPU
	EndGlobalSection
EndGlobal
